
Microsoft Visual Studio Solution File, Format Version 12.00
# Visual Studio Version 17
VisualStudioVersion = 17.5.002.0
MinimumVisualStudioVersion = 10.0.40219.1
Project("{9A19103F-16F7-4668-BE54-9A1E7A4F7556}") = "ventasAPI", "ventasAPI.csproj", "{302F0DB4-56CE-44E9-9232-7AE2A6884052}"
EndProject
Global
	GlobalSection(SolutionConfigurationPlatforms) = preSolution
		Debug|Any CPU = Debug|Any CPU
		Release|Any CPU = Release|Any CPU
	EndGlobalSection
	GlobalSection(ProjectConfigurationPlatforms) = postSolution
		{302F0DB4-56CE-44E9-9232-7AE2A6884052}.Debug|Any CPU.ActiveCfg = Debug|Any CPU
		{302F0DB4-56CE-44E9-9232-7AE2A6884052}.Debug|Any CPU.Build.0 = Debug|Any CPU
		{302F0DB4-56CE-44E9-9232-7AE2A6884052}.Release|Any CPU.ActiveCfg = Release|Any CPU
		{302F0DB4-56CE-44E9-9232-7AE2A6884052}.Release|Any CPU.Build.0 = Release|Any CPU
	EndGlobalSection
	GlobalSection(SolutionProperties) = preSolution
		HideSolutionNode = FALSE
	EndGlobalSection
	GlobalSection(ExtensibilityGlobals) = postSolution
		SolutionGuid = {6F92A5CF-DB56-4C5A-AC8F-FC7719FDC068}
	EndGlobalSection
EndGlobal
